
Microsoft Visual Studio Solution File, Format Version 12.00
# Visual Studio Version 16
VisualStudioVersion = 16.0.33027.164
MinimumVisualStudioVersion = 10.0.40219.1
Project("{8BC9CEB8-8B4A-11D0-8D11-00A0C91BC942}") = "Project1", "Project1\Project1.vcxproj", "{A1D692E1-E994-4EBF-8EB6-BC50E69085B1}"
EndProject
Global
	GlobalSection(SolutionConfigurationPlatforms) = preSolution
		Debug|x64 = Debug|x64
		Debug|x86 = Debug|x86
		Release|x64 = Release|x64
		Release|x86 = Release|x86
	EndGlobalSection
	GlobalSection(ProjectConfigurationPlatforms) = postSolution
		{A1D692E1-E994-4EBF-8EB6-BC50E69085B1}.Debug|x64.ActiveCfg = Debug|x64
		{A1D692E1-E994-4EBF-8EB6-BC50E69085B1}.Debug|x64.Build.0 = Debug|x64
		{A1D692E1-E994-4EBF-8EB6-BC50E69085B1}.Debug|x86.ActiveCfg = Debug|Win32
		{A1D692E1-E994-4EBF-8EB6-BC50E69085B1}.Debug|x86.Build.0 = Debug|Win32
		{A1D692E1-E994-4EBF-8EB6-BC50E69085B1}.Release|x64.ActiveCfg = Release|x64
		{A1D692E1-E994-4EBF-8EB6-BC50E69085B1}.Release|x64.Build.0 = Release|x64
		{A1D692E1-E994-4EBF-8EB6-BC50E69085B1}.Release|x86.ActiveCfg = Release|Win32
		{A1D692E1-E994-4EBF-8EB6-BC50E69085B1}.Release|x86.Build.0 = Release|Win32
	EndGlobalSection
	GlobalSection(SolutionProperties) = preSolution
		HideSolutionNode = FALSE
	EndGlobalSection
	GlobalSection(ExtensibilityGlobals) = postSolution
		SolutionGuid = {6608808B-2B04-42FD-84C3-4F9798825910}
	EndGlobalSection
EndGlobal
